// !$*UTF8*$!
{
	archiveVersion = 1;
	classes = {
	};
	objectVersion = 56;
	objects = {

/* Begin PBXBuildFile section */
		1C05D5D82B6BE2640095A352 /* EditUserView.swift in Sources */ = {isa = PBXBuildFile; fileRef = 1C05D5D72B6BE2640095A352 /* EditUserView.swift */; };
		1C471E292B7D5F4800222F7A /* ContentView.swift in Sources */ = {isa = PBXBuildFile; fileRef = 1C471E282B7D5F4800222F7A /* ContentView.swift */; };
		1C91CE622B1CC101003FF404 /* MentalHealthApp.swift in Sources */ = {isa = PBXBuildFile; fileRef = 1C91CE612B1CC101003FF404 /* MentalHealthApp.swift */; };
		1C91CE662B1CC103003FF404 /* Assets.xcassets in Resources */ = {isa = PBXBuildFile; fileRef = 1C91CE652B1CC103003FF404 /* Assets.xcassets */; };
		1C91CE692B1CC103003FF404 /* Preview Assets.xcassets in Resources */ = {isa = PBXBuildFile; fileRef = 1C91CE682B1CC103003FF404 /* Preview Assets.xcassets */; };
		1C91CE742B1CCA54003FF404 /* Model.swift in Sources */ = {isa = PBXBuildFile; fileRef = 1C91CE732B1CCA54003FF404 /* Model.swift */; };
		1C91CE7A2B1CCE12003FF404 /* SettingsView.swift in Sources */ = {isa = PBXBuildFile; fileRef = 1C91CE792B1CCE12003FF404 /* SettingsView.swift */; };
		1C91CE7C2B1CCE1B003FF404 /* HealthView.swift in Sources */ = {isa = PBXBuildFile; fileRef = 1C91CE7B2B1CCE1B003FF404 /* HealthView.swift */; };
		1C91CE802B1CD683003FF404 /* EditEntryView.swift in Sources */ = {isa = PBXBuildFile; fileRef = 1C91CE7F2B1CD683003FF404 /* EditEntryView.swift */; };
		1C91CE852B1D1445003FF404 /* HealthManager.swift in Sources */ = {isa = PBXBuildFile; fileRef = 1C91CE842B1D1445003FF404 /* HealthManager.swift */; };
		1C91CE872B1D3D0A003FF404 /* JournalView.swift in Sources */ = {isa = PBXBuildFile; fileRef = 1C91CE862B1D3D0A003FF404 /* JournalView.swift */; };
		1C962D522B95092D00DFE2A9 /* LogView.swift in Sources */ = {isa = PBXBuildFile; fileRef = 1C962D512B95092D00DFE2A9 /* LogView.swift */; };
		1C962D582B955B3200DFE2A9 /* DateFormatter.swift in Sources */ = {isa = PBXBuildFile; fileRef = 1C962D572B955B3200DFE2A9 /* DateFormatter.swift */; };
		1CE7D7552B993AFA00FACFC8 /* SheetView.swift in Sources */ = {isa = PBXBuildFile; fileRef = 1CE7D7542B993AFA00FACFC8 /* SheetView.swift */; };
		1CE7D7592B9A10C100FACFC8 /* ColorPallete.swift in Sources */ = {isa = PBXBuildFile; fileRef = 1CE7D7582B9A10C100FACFC8 /* ColorPallete.swift */; };
		1CF4DB0C2B1E4F1900478402 /* SleepEfficiency.mlpackage in Sources */ = {isa = PBXBuildFile; fileRef = 1CF4DB0B2B1E4F1900478402 /* SleepEfficiency.mlpackage */; };
		1CF55C262B7124FE00CA8A03 /* OnboardingScreen.swift in Sources */ = {isa = PBXBuildFile; fileRef = 1CF55C252B7124FE00CA8A03 /* OnboardingScreen.swift */; };
		1CF55C282B71264B00CA8A03 /* OnboardingView.swift in Sources */ = {isa = PBXBuildFile; fileRef = 1CF55C272B71264B00CA8A03 /* OnboardingView.swift */; };
		1CF55C2A2B71627A00CA8A03 /* OnboardingHealthScreen.swift in Sources */ = {isa = PBXBuildFile; fileRef = 1CF55C292B71627A00CA8A03 /* OnboardingHealthScreen.swift */; };
		1CFA60FF2B87A6B800B79910 /* SwiftUIView.swift in Sources */ = {isa = PBXBuildFile; fileRef = 1CFA60FE2B87A6B800B79910 /* SwiftUIView.swift */; };
/* End PBXBuildFile section */

/* Begin PBXFileReference section */
		1C05D5D72B6BE2640095A352 /* EditUserView.swift */ = {isa = PBXFileReference; lastKnownFileType = sourcecode.swift; path = EditUserView.swift; sourceTree = "<group>"; };
		1C471E282B7D5F4800222F7A /* ContentView.swift */ = {isa = PBXFileReference; lastKnownFileType = sourcecode.swift; path = ContentView.swift; sourceTree = "<group>"; };
		1C91CE5E2B1CC101003FF404 /* MentalHealthApplication.app */ = {isa = PBXFileReference; explicitFileType = wrapper.application; includeInIndex = 0; path = MentalHealthApplication.app; sourceTree = BUILT_PRODUCTS_DIR; };
		1C91CE612B1CC101003FF404 /* MentalHealthApp.swift */ = {isa = PBXFileReference; lastKnownFileType = sourcecode.swift; path = MentalHealthApp.swift; sourceTree = "<group>"; };
		1C91CE652B1CC103003FF404 /* Assets.xcassets */ = {isa = PBXFileReference; lastKnownFileType = folder.assetcatalog; path = Assets.xcassets; sourceTree = "<group>"; };
		1C91CE682B1CC103003FF404 /* Preview Assets.xcassets */ = {isa = PBXFileReference; lastKnownFileType = folder.assetcatalog; path = "Preview Assets.xcassets"; sourceTree = "<group>"; };
		1C91CE732B1CCA54003FF404 /* Model.swift */ = {isa = PBXFileReference; lastKnownFileType = sourcecode.swift; path = Model.swift; sourceTree = "<group>"; };
		1C91CE792B1CCE12003FF404 /* SettingsView.swift */ = {isa = PBXFileReference; lastKnownFileType = sourcecode.swift; path = SettingsView.swift; sourceTree = "<group>"; };
		1C91CE7B2B1CCE1B003FF404 /* HealthView.swift */ = {isa = PBXFileReference; lastKnownFileType = sourcecode.swift; path = HealthView.swift; sourceTree = "<group>"; };
		1C91CE7F2B1CD683003FF404 /* EditEntryView.swift */ = {isa = PBXFileReference; lastKnownFileType = sourcecode.swift; path = EditEntryView.swift; sourceTree = "<group>"; };
		1C91CE812B1CECAE003FF404 /* MentalHealthApplication.entitlements */ = {isa = PBXFileReference; lastKnownFileType = text.plist.entitlements; path = MentalHealthApplication.entitlements; sourceTree = "<group>"; };
		1C91CE842B1D1445003FF404 /* HealthManager.swift */ = {isa = PBXFileReference; lastKnownFileType = sourcecode.swift; path = HealthManager.swift; sourceTree = "<group>"; };
		1C91CE862B1D3D0A003FF404 /* JournalView.swift */ = {isa = PBXFileReference; lastKnownFileType = sourcecode.swift; path = JournalView.swift; sourceTree = "<group>"; };
		1C962D512B95092D00DFE2A9 /* LogView.swift */ = {isa = PBXFileReference; lastKnownFileType = sourcecode.swift; path = LogView.swift; sourceTree = "<group>"; };
		1C962D572B955B3200DFE2A9 /* DateFormatter.swift */ = {isa = PBXFileReference; lastKnownFileType = sourcecode.swift; path = DateFormatter.swift; sourceTree = "<group>"; };
		1CE7D7542B993AFA00FACFC8 /* SheetView.swift */ = {isa = PBXFileReference; lastKnownFileType = sourcecode.swift; path = SheetView.swift; sourceTree = "<group>"; };
		1CE7D7582B9A10C100FACFC8 /* ColorPallete.swift */ = {isa = PBXFileReference; lastKnownFileType = sourcecode.swift; path = ColorPallete.swift; sourceTree = "<group>"; };
		1CF4DB0B2B1E4F1900478402 /* SleepEfficiency.mlpackage */ = {isa = PBXFileReference; lastKnownFileType = folder.mlpackage; path = SleepEfficiency.mlpackage; sourceTree = "<group>"; };
		1CF55C252B7124FE00CA8A03 /* OnboardingScreen.swift */ = {isa = PBXFileReference; lastKnownFileType = sourcecode.swift; path = OnboardingScreen.swift; sourceTree = "<group>"; };
		1CF55C272B71264B00CA8A03 /* OnboardingView.swift */ = {isa = PBXFileReference; lastKnownFileType = sourcecode.swift; path = OnboardingView.swift; sourceTree = "<group>"; };
		1CF55C292B71627A00CA8A03 /* OnboardingHealthScreen.swift */ = {isa = PBXFileReference; lastKnownFileType = sourcecode.swift; path = OnboardingHealthScreen.swift; sourceTree = "<group>"; };
		1CFA60FE2B87A6B800B79910 /* SwiftUIView.swift */ = {isa = PBXFileReference; lastKnownFileType = sourcecode.swift; path = SwiftUIView.swift; sourceTree = "<group>"; };
/* End PBXFileReference section */

/* Begin PBXFrameworksBuildPhase section */
		1C91CE5B2B1CC101003FF404 /* Frameworks */ = {
			isa = PBXFrameworksBuildPhase;
			buildActionMask = 2147483647;
			files = (
			);
			runOnlyForDeploymentPostprocessing = 0;
		};
/* End PBXFrameworksBuildPhase section */

/* Begin PBXGroup section */
		1C833A7B2B7E47A5000DB8BD /* Views */ = {
			isa = PBXGroup;
			children = (
				1CF55C252B7124FE00CA8A03 /* OnboardingScreen.swift */,
				1C91CE862B1D3D0A003FF404 /* JournalView.swift */,
				1C91CE7F2B1CD683003FF404 /* EditEntryView.swift */,
				1C05D5D72B6BE2640095A352 /* EditUserView.swift */,
				1C91CE7B2B1CCE1B003FF404 /* HealthView.swift */,
				1C91CE792B1CCE12003FF404 /* SettingsView.swift */,
				1CF55C272B71264B00CA8A03 /* OnboardingView.swift */,
				1CF55C292B71627A00CA8A03 /* OnboardingHealthScreen.swift */,
				1C471E282B7D5F4800222F7A /* ContentView.swift */,
				1CFA60FE2B87A6B800B79910 /* SwiftUIView.swift */,
				1C962D512B95092D00DFE2A9 /* LogView.swift */,
				1CE7D7542B993AFA00FACFC8 /* SheetView.swift */,
			);
			path = Views;
			sourceTree = "<group>";
		};
		1C833A7C2B7E47EC000DB8BD /* Observable */ = {
			isa = PBXGroup;
			children = (
				1C91CE842B1D1445003FF404 /* HealthManager.swift */,
				1C962D572B955B3200DFE2A9 /* DateFormatter.swift */,
			);
			path = Observable;
			sourceTree = "<group>";
		};
		1C833A7D2B7E4828000DB8BD /* ML */ = {
			isa = PBXGroup;
			children = (
				1CF4DB0B2B1E4F1900478402 /* SleepEfficiency.mlpackage */,
			);
			path = ML;
			sourceTree = "<group>";
		};
		1C833A7E2B7E4841000DB8BD /* Model */ = {
			isa = PBXGroup;
			children = (
				1C91CE732B1CCA54003FF404 /* Model.swift */,
			);
			path = Model;
			sourceTree = "<group>";
		};
		1C833A7F2B7E4856000DB8BD /* Classes */ = {
			isa = PBXGroup;
			children = (
				1CE7D7582B9A10C100FACFC8 /* ColorPallete.swift */,
			);
			path = Classes;
			sourceTree = "<group>";
		};
		1C91CE552B1CC101003FF404 = {
			isa = PBXGroup;
			children = (
				1C91CE602B1CC101003FF404 /* MentalHealthApplication */,
				1C91CE5F2B1CC101003FF404 /* Products */,
			);
			sourceTree = "<group>";
		};
		1C91CE5F2B1CC101003FF404 /* Products */ = {
			isa = PBXGroup;
			children = (
				1C91CE5E2B1CC101003FF404 /* MentalHealthApplication.app */,
			);
			name = Products;
			sourceTree = "<group>";
		};
		1C91CE602B1CC101003FF404 /* MentalHealthApplication */ = {
			isa = PBXGroup;
			children = (
				1C833A7F2B7E4856000DB8BD /* Classes */,
				1C833A7E2B7E4841000DB8BD /* Model */,
				1C833A7D2B7E4828000DB8BD /* ML */,
				1C833A7C2B7E47EC000DB8BD /* Observable */,
				1C833A7B2B7E47A5000DB8BD /* Views */,
				1C91CE612B1CC101003FF404 /* MentalHealthApp.swift */,
				1C91CE812B1CECAE003FF404 /* MentalHealthApplication.entitlements */,
				1C91CE652B1CC103003FF404 /* Assets.xcassets */,
				1C91CE672B1CC103003FF404 /* Preview Content */,
			);
			path = MentalHealthApplication;
			sourceTree = "<group>";
		};
		1C91CE672B1CC103003FF404 /* Preview Content */ = {
			isa = PBXGroup;
			children = (
				1C91CE682B1CC103003FF404 /* Preview Assets.xcassets */,
			);
			path = "Preview Content";
			sourceTree = "<group>";
		};
/* End PBXGroup section */

/* Begin PBXNativeTarget section */
		1C91CE5D2B1CC101003FF404 /* MentalHealthApplication */ = {
			isa = PBXNativeTarget;
			buildConfigurationList = 1C91CE6C2B1CC103003FF404 /* Build configuration list for PBXNativeTarget "MentalHealthApplication" */;
			buildPhases = (
				1C91CE5A2B1CC101003FF404 /* Sources */,
				1C91CE5B2B1CC101003FF404 /* Frameworks */,
				1C91CE5C2B1CC101003FF404 /* Resources */,
			);
			buildRules = (
			);
			dependencies = (
			);
			name = MentalHealthApplication;
			productName = MentalHealthApplication;
			productReference = 1C91CE5E2B1CC101003FF404 /* MentalHealthApplication.app */;
			productType = "com.apple.product-type.application";
		};
/* End PBXNativeTarget section */

/* Begin PBXProject section */
		1C91CE562B1CC101003FF404 /* Project object */ = {
			isa = PBXProject;
			attributes = {
				BuildIndependentTargetsInParallel = 1;
				LastSwiftUpdateCheck = 1500;
				LastUpgradeCheck = 1500;
				TargetAttributes = {
					1C91CE5D2B1CC101003FF404 = {
						CreatedOnToolsVersion = 15.0;
					};
				};
			};
			buildConfigurationList = 1C91CE592B1CC101003FF404 /* Build configuration list for PBXProject "MentalHealthApplication" */;
			compatibilityVersion = "Xcode 14.0";
			developmentRegion = en;
			hasScannedForEncodings = 0;
			knownRegions = (
				en,
				Base,
			);
			mainGroup = 1C91CE552B1CC101003FF404;
			productRefGroup = 1C91CE5F2B1CC101003FF404 /* Products */;
			projectDirPath = "";
			projectRoot = "";
			targets = (
				1C91CE5D2B1CC101003FF404 /* MentalHealthApplication */,
			);
		};
/* End PBXProject section */

/* Begin PBXResourcesBuildPhase section */
		1C91CE5C2B1CC101003FF404 /* Resources */ = {
			isa = PBXResourcesBuildPhase;
			buildActionMask = 2147483647;
			files = (
				1C91CE692B1CC103003FF404 /* Preview Assets.xcassets in Resources */,
				1C91CE662B1CC103003FF404 /* Assets.xcassets in Resources */,
			);
			runOnlyForDeploymentPostprocessing = 0;
		};
/* End PBXResourcesBuildPhase section */

/* Begin PBXSourcesBuildPhase section */
		1C91CE5A2B1CC101003FF404 /* Sources */ = {
			isa = PBXSourcesBuildPhase;
			buildActionMask = 2147483647;
			files = (
				1CF55C2A2B71627A00CA8A03 /* OnboardingHealthScreen.swift in Sources */,
				1CF4DB0C2B1E4F1900478402 /* SleepEfficiency.mlpackage in Sources */,
				1C91CE7A2B1CCE12003FF404 /* SettingsView.swift in Sources */,
				1C962D582B955B3200DFE2A9 /* DateFormatter.swift in Sources */,
				1CE7D7592B9A10C100FACFC8 /* ColorPallete.swift in Sources */,
				1CF55C282B71264B00CA8A03 /* OnboardingView.swift in Sources */,
				1C91CE872B1D3D0A003FF404 /* JournalView.swift in Sources */,
				1C91CE622B1CC101003FF404 /* MentalHealthApp.swift in Sources */,
				1C962D522B95092D00DFE2A9 /* LogView.swift in Sources */,
				1C91CE7C2B1CCE1B003FF404 /* HealthView.swift in Sources */,
				1C91CE742B1CCA54003FF404 /* Model.swift in Sources */,
				1CE7D7552B993AFA00FACFC8 /* SheetView.swift in Sources */,
				1CFA60FF2B87A6B800B79910 /* SwiftUIView.swift in Sources */,
				1C91CE802B1CD683003FF404 /* EditEntryView.swift in Sources */,
				1C471E292B7D5F4800222F7A /* ContentView.swift in Sources */,
				1CF55C262B7124FE00CA8A03 /* OnboardingScreen.swift in Sources */,
				1C05D5D82B6BE2640095A352 /* EditUserView.swift in Sources */,
				1C91CE852B1D1445003FF404 /* HealthManager.swift in Sources */,
			);
			runOnlyForDeploymentPostprocessing = 0;
		};
/* End PBXSourcesBuildPhase section */

/* Begin XCBuildConfiguration section */
		1C91CE6A2B1CC103003FF404 /* Debug */ = {
			isa = XCBuildConfiguration;
			buildSettings = {
				ALWAYS_SEARCH_USER_PATHS = NO;
				ASSETCATALOG_COMPILER_GENERATE_SWIFT_ASSET_SYMBOL_EXTENSIONS = YES;
				CLANG_ANALYZER_NONNULL = YES;
				CLANG_ANALYZER_NUMBER_OBJECT_CONVERSION = YES_AGGRESSIVE;
				CLANG_CXX_LANGUAGE_STANDARD = "gnu++20";
				CLANG_ENABLE_MODULES = YES;
				CLANG_ENABLE_OBJC_ARC = YES;
				CLANG_ENABLE_OBJC_WEAK = YES;
				CLANG_WARN_BLOCK_CAPTURE_AUTORELEASING = YES;
				CLANG_WARN_BOOL_CONVERSION = YES;
				CLANG_WARN_COMMA = YES;
				CLANG_WARN_CONSTANT_CONVERSION = YES;
				CLANG_WARN_DEPRECATED_OBJC_IMPLEMENTATIONS = YES;
				CLANG_WARN_DIRECT_OBJC_ISA_USAGE = YES_ERROR;
				CLANG_WARN_DOCUMENTATION_COMMENTS = YES;
				CLANG_WARN_EMPTY_BODY = YES;
				CLANG_WARN_ENUM_CONVERSION = YES;
				CLANG_WARN_INFINITE_RECURSION = YES;
				CLANG_WARN_INT_CONVERSION = YES;
				CLANG_WARN_NON_LITERAL_NULL_CONVERSION = YES;
				CLANG_WARN_OBJC_IMPLICIT_RETAIN_SELF = YES;
				CLANG_WARN_OBJC_LITERAL_CONVERSION = YES;
				CLANG_WARN_OBJC_ROOT_CLASS = YES_ERROR;
				CLANG_WARN_QUOTED_INCLUDE_IN_FRAMEWORK_HEADER = YES;
				CLANG_WARN_RANGE_LOOP_ANALYSIS = YES;
				CLANG_WARN_STRICT_PROTOTYPES = YES;
				CLANG_WARN_SUSPICIOUS_MOVE = YES;
				CLANG_WARN_UNGUARDED_AVAILABILITY = YES_AGGRESSIVE;
				CLANG_WARN_UNREACHABLE_CODE = YES;
				CLANG_WARN__DUPLICATE_METHOD_MATCH = YES;
				COPY_PHASE_STRIP = NO;
				DEBUG_INFORMATION_FORMAT = dwarf;
				ENABLE_STRICT_OBJC_MSGSEND = YES;
				ENABLE_TESTABILITY = YES;
				ENABLE_USER_SCRIPT_SANDBOXING = YES;
				GCC_C_LANGUAGE_STANDARD = gnu17;
				GCC_DYNAMIC_NO_PIC = NO;
				GCC_NO_COMMON_BLOCKS = YES;
				GCC_OPTIMIZATION_LEVEL = 0;
				GCC_PREPROCESSOR_DEFINITIONS = (
					"DEBUG=1",
					"$(inherited)",
				);
				GCC_WARN_64_TO_32_BIT_CONVERSION = YES;
				GCC_WARN_ABOUT_RETURN_TYPE = YES_ERROR;
				GCC_WARN_UNDECLARED_SELECTOR = YES;
				GCC_WARN_UNINITIALIZED_AUTOS = YES_AGGRESSIVE;
				GCC_WARN_UNUSED_FUNCTION = YES;
				GCC_WARN_UNUSED_VARIABLE = YES;
				IPHONEOS_DEPLOYMENT_TARGET = 17.0;
				LOCALIZATION_PREFERS_STRING_CATALOGS = YES;
				MTL_ENABLE_DEBUG_INFO = INCLUDE_SOURCE;
				MTL_FAST_MATH = YES;
				ONLY_ACTIVE_ARCH = YES;
				SDKROOT = iphoneos;
				SWIFT_ACTIVE_COMPILATION_CONDITIONS = "DEBUG $(inherited)";
				SWIFT_OPTIMIZATION_LEVEL = "-Onone";
			};
			name = Debug;
		};
		1C91CE6B2B1CC103003FF404 /* Release */ = {
			isa = XCBuildConfiguration;
			buildSettings = {
				ALWAYS_SEARCH_USER_PATHS = NO;
				ASSETCATALOG_COMPILER_GENERATE_SWIFT_ASSET_SYMBOL_EXTENSIONS = YES;
				CLANG_ANALYZER_NONNULL = YES;
				CLANG_ANALYZER_NUMBER_OBJECT_CONVERSION = YES_AGGRESSIVE;
				CLANG_CXX_LANGUAGE_STANDARD = "gnu++20";
				CLANG_ENABLE_MODULES = YES;
				CLANG_ENABLE_OBJC_ARC = YES;
				CLANG_ENABLE_OBJC_WEAK = YES;
				CLANG_WARN_BLOCK_CAPTURE_AUTORELEASING = YES;
				CLANG_WARN_BOOL_CONVERSION = YES;
				CLANG_WARN_COMMA = YES;
				CLANG_WARN_CONSTANT_CONVERSION = YES;
				CLANG_WARN_DEPRECATED_OBJC_IMPLEMENTATIONS = YES;
				CLANG_WARN_DIRECT_OBJC_ISA_USAGE = YES_ERROR;
				CLANG_WARN_DOCUMENTATION_COMMENTS = YES;
				CLANG_WARN_EMPTY_BODY = YES;
				CLANG_WARN_ENUM_CONVERSION = YES;
				CLANG_WARN_INFINITE_RECURSION = YES;
				CLANG_WARN_INT_CONVERSION = YES;
				CLANG_WARN_NON_LITERAL_NULL_CONVERSION = YES;
				CLANG_WARN_OBJC_IMPLICIT_RETAIN_SELF = YES;
				CLANG_WARN_OBJC_LITERAL_CONVERSION = YES;
				CLANG_WARN_OBJC_ROOT_CLASS = YES_ERROR;
				CLANG_WARN_QUOTED_INCLUDE_IN_FRAMEWORK_HEADER = YES;
				CLANG_WARN_RANGE_LOOP_ANALYSIS = YES;
				CLANG_WARN_STRICT_PROTOTYPES = YES;
				CLANG_WARN_SUSPICIOUS_MOVE = YES;
				CLANG_WARN_UNGUARDED_AVAILABILITY = YES_AGGRESSIVE;
				CLANG_WARN_UNREACHABLE_CODE = YES;
				CLANG_WARN__DUPLICATE_METHOD_MATCH = YES;
				COPY_PHASE_STRIP = NO;
				DEBUG_INFORMATION_FORMAT = "dwarf-with-dsym";
				ENABLE_NS_ASSERTIONS = NO;
				ENABLE_STRICT_OBJC_MSGSEND = YES;
				ENABLE_USER_SCRIPT_SANDBOXING = YES;
				GCC_C_LANGUAGE_STANDARD = gnu17;
				GCC_NO_COMMON_BLOCKS = YES;
				GCC_WARN_64_TO_32_BIT_CONVERSION = YES;
				GCC_WARN_ABOUT_RETURN_TYPE = YES_ERROR;
				GCC_WARN_UNDECLARED_SELECTOR = YES;
				GCC_WARN_UNINITIALIZED_AUTOS = YES_AGGRESSIVE;
				GCC_WARN_UNUSED_FUNCTION = YES;
				GCC_WARN_UNUSED_VARIABLE = YES;
				IPHONEOS_DEPLOYMENT_TARGET = 17.0;
				LOCALIZATION_PREFERS_STRING_CATALOGS = YES;
				MTL_ENABLE_DEBUG_INFO = NO;
				MTL_FAST_MATH = YES;
				SDKROOT = iphoneos;
				SWIFT_COMPILATION_MODE = wholemodule;
				VALIDATE_PRODUCT = YES;
			};
			name = Release;
		};
		1C91CE6D2B1CC103003FF404 /* Debug */ = {
			isa = XCBuildConfiguration;
			buildSettings = {
				ASSETCATALOG_COMPILER_APPICON_NAME = AppIcon;
				ASSETCATALOG_COMPILER_GLOBAL_ACCENT_COLOR_NAME = AccentColor;
				CODE_SIGN_ENTITLEMENTS = MentalHealthApplication/MentalHealthApplication.entitlements;
				CODE_SIGN_STYLE = Automatic;
				CURRENT_PROJECT_VERSION = 1;
				DEVELOPMENT_ASSET_PATHS = "\"MentalHealthApplication/Preview Content\"";
				DEVELOPMENT_TEAM = VMW2VPTDPN;
				ENABLE_PREVIEWS = YES;
				GENERATE_INFOPLIST_FILE = YES;
				INFOPLIST_KEY_NSHealthShareUsageDescription = "This data will be used to display and calculate health related data";
				INFOPLIST_KEY_NSHealthUpdateUsageDescription = "This data will be used to write health related data to HealthKit";
				INFOPLIST_KEY_UIApplicationSceneManifest_Generation = YES;
				INFOPLIST_KEY_UIApplicationSupportsIndirectInputEvents = YES;
				INFOPLIST_KEY_UILaunchScreen_Generation = YES;
				INFOPLIST_KEY_UISupportedInterfaceOrientations_iPad = "UIInterfaceOrientationPortrait UIInterfaceOrientationPortraitUpsideDown UIInterfaceOrientationLandscapeLeft UIInterfaceOrientationLandscapeRight";
				INFOPLIST_KEY_UISupportedInterfaceOrientations_iPhone = "UIInterfaceOrientationPortrait UIInterfaceOrientationLandscapeLeft UIInterfaceOrientationLandscapeRight";
				LD_RUNPATH_SEARCH_PATHS = (
					"$(inherited)",
					"@executable_path/Frameworks",
				);
				MARKETING_VERSION = 1.0;
				PRODUCT_BUNDLE_IDENTIFIER = "Victor-Zubatyy.MentalHealthApplication";
				PRODUCT_NAME = "$(TARGET_NAME)";
				SWIFT_EMIT_LOC_STRINGS = YES;
				SWIFT_VERSION = 5.0;
				TARGETED_DEVICE_FAMILY = "1,2";
			};
			name = Debug;
		};
		1C91CE6E2B1CC103003FF404 /* Release */ = {
			isa = XCBuildConfiguration;
			buildSettings = {
				ASSETCATALOG_COMPILER_APPICON_NAME = AppIcon;
				ASSETCATALOG_COMPILER_GLOBAL_ACCENT_COLOR_NAME = AccentColor;
				CODE_SIGN_ENTITLEMENTS = MentalHealthApplication/MentalHealthApplication.entitlements;
				CODE_SIGN_STYLE = Automatic;
				CURRENT_PROJECT_VERSION = 1;
				DEVELOPMENT_ASSET_PATHS = "\"MentalHealthApplication/Preview Content\"";
				DEVELOPMENT_TEAM = VMW2VPTDPN;
				ENABLE_PREVIEWS = YES;
				GENERATE_INFOPLIST_FILE = YES;
				INFOPLIST_KEY_NSHealthShareUsageDescription = "This data will be used to display and calculate health related data";
				INFOPLIST_KEY_NSHealthUpdateUsageDescription = "This data will be used to write health related data to HealthKit";
				INFOPLIST_KEY_UIApplicationSceneManifest_Generation = YES;
				INFOPLIST_KEY_UIApplicationSupportsIndirectInputEvents = YES;
				INFOPLIST_KEY_UILaunchScreen_Generation = YES;
				INFOPLIST_KEY_UISupportedInterfaceOrientations_iPad = "UIInterfaceOrientationPortrait UIInterfaceOrientationPortraitUpsideDown UIInterfaceOrientationLandscapeLeft UIInterfaceOrientationLandscapeRight";
				INFOPLIST_KEY_UISupportedInterfaceOrientations_iPhone = "UIInterfaceOrientationPortrait UIInterfaceOrientationLandscapeLeft UIInterfaceOrientationLandscapeRight";
				LD_RUNPATH_SEARCH_PATHS = (
					"$(inherited)",
					"@executable_path/Frameworks",
				);
				MARKETING_VERSION = 1.0;
				PRODUCT_BUNDLE_IDENTIFIER = "Victor-Zubatyy.MentalHealthApplication";
				PRODUCT_NAME = "$(TARGET_NAME)";
				SWIFT_EMIT_LOC_STRINGS = YES;
				SWIFT_VERSION = 5.0;
				TARGETED_DEVICE_FAMILY = "1,2";
			};
			name = Release;
		};
/* End XCBuildConfiguration section */

/* Begin XCConfigurationList section */
		1C91CE592B1CC101003FF404 /* Build configuration list for PBXProject "MentalHealthApplication" */ = {
			isa = XCConfigurationList;
			buildConfigurations = (
				1C91CE6A2B1CC103003FF404 /* Debug */,
				1C91CE6B2B1CC103003FF404 /* Release */,
			);
			defaultConfigurationIsVisible = 0;
			defaultConfigurationName = Release;
		};
		1C91CE6C2B1CC103003FF404 /* Build configuration list for PBXNativeTarget "MentalHealthApplication" */ = {
			isa = XCConfigurationList;
			buildConfigurations = (
				1C91CE6D2B1CC103003FF404 /* Debug */,
				1C91CE6E2B1CC103003FF404 /* Release */,
			);
			defaultConfigurationIsVisible = 0;
			defaultConfigurationName = Release;
		};
/* End XCConfigurationList section */
	};
	rootObject = 1C91CE562B1CC101003FF404 /* Project object */;
}
